// !$*UTF8*$!
{
	archiveVersion = 1;
	classes = {
	};
	objectVersion = 50;
	objects = {

/* Begin PBXBuildFile section */
		68CFDE4121C111370038AC1F /* SQLite.framework in Frameworks */ = {isa = PBXBuildFile; fileRef = 68CFDE3321C110E90038AC1F /* SQLite.framework */; };
		68CFDE4221C1115E0038AC1F /* SQLite.framework in Frameworks */ = {isa = PBXBuildFile; fileRef = 68CFDE3321C110E90038AC1F /* SQLite.framework */; };
		68CFDE4321C1115E0038AC1F /* SQLite.framework in Embed Frameworks */ = {isa = PBXBuildFile; fileRef = 68CFDE3321C110E90038AC1F /* SQLite.framework */; settings = {ATTRIBUTES = (CodeSignOnCopy, RemoveHeadersOnCopy, ); }; };
		78F4BC8421BD67E7008C157D /* AppDelegate.swift in Sources */ = {isa = PBXBuildFile; fileRef = 78F4BC8321BD67E7008C157D /* AppDelegate.swift */; };
		78F4BC8621BD67E7008C157D /* ViewController.swift in Sources */ = {isa = PBXBuildFile; fileRef = 78F4BC8521BD67E7008C157D /* ViewController.swift */; };
		78F4BC8921BD67E7008C157D /* Main.storyboard in Resources */ = {isa = PBXBuildFile; fileRef = 78F4BC8721BD67E7008C157D /* Main.storyboard */; };
		78F4BC8B21BD67E9008C157D /* Assets.xcassets in Resources */ = {isa = PBXBuildFile; fileRef = 78F4BC8A21BD67E9008C157D /* Assets.xcassets */; };
		78F4BC8E21BD67E9008C157D /* LaunchScreen.storyboard in Resources */ = {isa = PBXBuildFile; fileRef = 78F4BC8C21BD67E9008C157D /* LaunchScreen.storyboard */; };
/* End PBXBuildFile section */

/* Begin PBXContainerItemProxy section */
		68CFDE3221C110E90038AC1F /* PBXContainerItemProxy */ = {
			isa = PBXContainerItemProxy;
			containerPortal = 68CFDE2821C110E80038AC1F /* SQLite.xcodeproj */;
			proxyType = 2;
			remoteGlobalIDString = EE247AD31C3F04ED00AE3E12;
			remoteInfo = "SQLite iOS";
		};
		68CFDE3421C110E90038AC1F /* PBXContainerItemProxy */ = {
			isa = PBXContainerItemProxy;
			containerPortal = 68CFDE2821C110E80038AC1F /* SQLite.xcodeproj */;
			proxyType = 2;
			remoteGlobalIDString = EE247ADD1C3F04ED00AE3E12;
			remoteInfo = "SQLiteTests iOS";
		};
		68CFDE3621C110E90038AC1F /* PBXContainerItemProxy */ = {
			isa = PBXContainerItemProxy;
			containerPortal = 68CFDE2821C110E80038AC1F /* SQLite.xcodeproj */;
			proxyType = 2;
			remoteGlobalIDString = EE247B3C1C3F3ED000AE3E12;
			remoteInfo = "SQLite Mac";
		};
		68CFDE3821C110E90038AC1F /* PBXContainerItemProxy */ = {
			isa = PBXContainerItemProxy;
			containerPortal = 68CFDE2821C110E80038AC1F /* SQLite.xcodeproj */;
			proxyType = 2;
			remoteGlobalIDString = EE247B451C3F3ED000AE3E12;
			remoteInfo = "SQLiteTests Mac";
		};
		68CFDE3A21C110E90038AC1F /* PBXContainerItemProxy */ = {
			isa = PBXContainerItemProxy;
			containerPortal = 68CFDE2821C110E80038AC1F /* SQLite.xcodeproj */;
			proxyType = 2;
			remoteGlobalIDString = 03A65E5A1C6BB0F50062603F;
			remoteInfo = "SQLite tvOS";
		};
		68CFDE3C21C110E90038AC1F /* PBXContainerItemProxy */ = {
			isa = PBXContainerItemProxy;
			containerPortal = 68CFDE2821C110E80038AC1F /* SQLite.xcodeproj */;
			proxyType = 2;
			remoteGlobalIDString = 03A65E631C6BB0F60062603F;
			remoteInfo = "SQLiteTests tvOS";
		};
		68CFDE3E21C110E90038AC1F /* PBXContainerItemProxy */ = {
			isa = PBXContainerItemProxy;
			containerPortal = 68CFDE2821C110E80038AC1F /* SQLite.xcodeproj */;
			proxyType = 2;
			remoteGlobalIDString = A121AC451CA35C79005A31D1;
			remoteInfo = "SQLite watchOS";
		};
		68CFDE4421C1115E0038AC1F /* PBXContainerItemProxy */ = {
			isa = PBXContainerItemProxy;
			containerPortal = 68CFDE2821C110E80038AC1F /* SQLite.xcodeproj */;
			proxyType = 1;
			remoteGlobalIDString = EE247AD21C3F04ED00AE3E12;
			remoteInfo = "SQLite iOS";
		};
/* End PBXContainerItemProxy section */

/* Begin PBXCopyFilesBuildPhase section */
		68CFDE4621C1115E0038AC1F /* Embed Frameworks */ = {
			isa = PBXCopyFilesBuildPhase;
			buildActionMask = 2147483647;
			dstPath = "";
			dstSubfolderSpec = 10;
			files = (
				68CFDE4321C1115E0038AC1F /* SQLite.framework in Embed Frameworks */,
			);
			name = "Embed Frameworks";
			runOnlyForDeploymentPostprocessing = 0;
		};
/* End PBXCopyFilesBuildPhase section */

/* Begin PBXFileReference section */
		68CFDE2821C110E80038AC1F /* SQLite.xcodeproj */ = {isa = PBXFileReference; lastKnownFileType = "wrapper.pb-project"; name = SQLite.xcodeproj; path = "../SQLite.swift-master/SQLite.xcodeproj"; sourceTree = "<group>"; };
		78F4BC8021BD67E7008C157D /* IF26_Card_iOS.app */ = {isa = PBXFileReference; explicitFileType = wrapper.application; includeInIndex = 0; path = IF26_Card_iOS.app; sourceTree = BUILT_PRODUCTS_DIR; };
		78F4BC8321BD67E7008C157D /* AppDelegate.swift */ = {isa = PBXFileReference; lastKnownFileType = sourcecode.swift; path = AppDelegate.swift; sourceTree = "<group>"; };
		78F4BC8521BD67E7008C157D /* ViewController.swift */ = {isa = PBXFileReference; lastKnownFileType = sourcecode.swift; path = ViewController.swift; sourceTree = "<group>"; };
		78F4BC8821BD67E7008C157D /* Base */ = {isa = PBXFileReference; lastKnownFileType = file.storyboard; name = Base; path = Base.lproj/Main.storyboard; sourceTree = "<group>"; };
		78F4BC8A21BD67E9008C157D /* Assets.xcassets */ = {isa = PBXFileReference; lastKnownFileType = folder.assetcatalog; path = Assets.xcassets; sourceTree = "<group>"; };
		78F4BC8D21BD67E9008C157D /* Base */ = {isa = PBXFileReference; lastKnownFileType = file.storyboard; name = Base; path = Base.lproj/LaunchScreen.storyboard; sourceTree = "<group>"; };
		78F4BC8F21BD67E9008C157D /* Info.plist */ = {isa = PBXFileReference; lastKnownFileType = text.plist.xml; path = Info.plist; sourceTree = "<group>"; };
/* End PBXFileReference section */

/* Begin PBXFrameworksBuildPhase section */
		78F4BC7D21BD67E7008C157D /* Frameworks */ = {
			isa = PBXFrameworksBuildPhase;
			buildActionMask = 2147483647;
			files = (
				68CFDE4221C1115E0038AC1F /* SQLite.framework in Frameworks */,
				68CFDE4121C111370038AC1F /* SQLite.framework in Frameworks */,
			);
			runOnlyForDeploymentPostprocessing = 0;
		};
/* End PBXFrameworksBuildPhase section */

/* Begin PBXGroup section */
		68CFDE2921C110E80038AC1F /* Products */ = {
			isa = PBXGroup;
			children = (
				68CFDE3321C110E90038AC1F /* SQLite.framework */,
				68CFDE3521C110E90038AC1F /* SQLiteTests iOS.xctest */,
				68CFDE3721C110E90038AC1F /* SQLite.framework */,
				68CFDE3921C110E90038AC1F /* SQLiteTests Mac.xctest */,
				68CFDE3B21C110E90038AC1F /* SQLite.framework */,
				68CFDE3D21C110E90038AC1F /* SQLiteTests tvOS.xctest */,
				68CFDE3F21C110E90038AC1F /* SQLite.framework */,
			);
			name = Products;
			sourceTree = "<group>";
		};
		68CFDE4021C111370038AC1F /* Frameworks */ = {
			isa = PBXGroup;
			children = (
			);
			name = Frameworks;
			sourceTree = "<group>";
		};
		78F4BC7721BD67E7008C157D = {
			isa = PBXGroup;
			children = (
				78F4BC8221BD67E7008C157D /* IF26_Card_iOS */,
				78F4BC8121BD67E7008C157D /* Products */,
				68CFDE2821C110E80038AC1F /* SQLite.xcodeproj */,
				68CFDE4021C111370038AC1F /* Frameworks */,
			);
			sourceTree = "<group>";
		};
		78F4BC8121BD67E7008C157D /* Products */ = {
			isa = PBXGroup;
			children = (
				78F4BC8021BD67E7008C157D /* IF26_Card_iOS.app */,
			);
			name = Products;
			sourceTree = "<group>";
		};
		78F4BC8221BD67E7008C157D /* IF26_Card_iOS */ = {
			isa = PBXGroup;
			children = (
				78F4BC8321BD67E7008C157D /* AppDelegate.swift */,
				78F4BC8521BD67E7008C157D /* ViewController.swift */,
				78F4BC8721BD67E7008C157D /* Main.storyboard */,
				78F4BC8A21BD67E9008C157D /* Assets.xcassets */,
				78F4BC8C21BD67E9008C157D /* LaunchScreen.storyboard */,
				78F4BC8F21BD67E9008C157D /* Info.plist */,
			);
			path = IF26_Card_iOS;
			sourceTree = "<group>";
		};
/* End PBXGroup section */

/* Begin PBXNativeTarget section */
		78F4BC7F21BD67E7008C157D /* IF26_Card_iOS */ = {
			isa = PBXNativeTarget;
			buildConfigurationList = 78F4BC9221BD67E9008C157D /* Build configuration list for PBXNativeTarget "IF26_Card_iOS" */;
			buildPhases = (
				78F4BC7C21BD67E7008C157D /* Sources */,
				78F4BC7D21BD67E7008C157D /* Frameworks */,
				78F4BC7E21BD67E7008C157D /* Resources */,
				68CFDE4621C1115E0038AC1F /* Embed Frameworks */,
			);
			buildRules = (
			);
			dependencies = (
				68CFDE4521C1115E0038AC1F /* PBXTargetDependency */,
			);
			name = IF26_Card_iOS;
			productName = IF26_Card_iOS;
			productReference = 78F4BC8021BD67E7008C157D /* IF26_Card_iOS.app */;
			productType = "com.apple.product-type.application";
		};
/* End PBXNativeTarget section */

/* Begin PBXProject section */
		78F4BC7821BD67E7008C157D /* Project object */ = {
			isa = PBXProject;
			attributes = {
				LastSwiftUpdateCheck = 1010;
				LastUpgradeCheck = 1010;
				ORGANIZATIONNAME = if26;
				TargetAttributes = {
					78F4BC7F21BD67E7008C157D = {
						CreatedOnToolsVersion = 10.1;
					};
				};
			};
			buildConfigurationList = 78F4BC7B21BD67E7008C157D /* Build configuration list for PBXProject "IF26_Card_iOS" */;
			compatibilityVersion = "Xcode 9.3";
			developmentRegion = en;
			hasScannedForEncodings = 0;
			knownRegions = (
				en,
				Base,
			);
			mainGroup = 78F4BC7721BD67E7008C157D;
			productRefGroup = 78F4BC8121BD67E7008C157D /* Products */;
			projectDirPath = "";
			projectReferences = (
				{
					ProductGroup = 68CFDE2921C110E80038AC1F /* Products */;
					ProjectRef = 68CFDE2821C110E80038AC1F /* SQLite.xcodeproj */;
				},
			);
			projectRoot = "";
			targets = (
				78F4BC7F21BD67E7008C157D /* IF26_Card_iOS */,
			);
		};
/* End PBXProject section */

/* Begin PBXReferenceProxy section */
		68CFDE3321C110E90038AC1F /* SQLite.framework */ = {
			isa = PBXReferenceProxy;
			fileType = wrapper.framework;
			path = SQLite.framework;
			remoteRef = 68CFDE3221C110E90038AC1F /* PBXContainerItemProxy */;
			sourceTree = BUILT_PRODUCTS_DIR;
		};
		68CFDE3521C110E90038AC1F /* SQLiteTests iOS.xctest */ = {
			isa = PBXReferenceProxy;
			fileType = wrapper.cfbundle;
			path = "SQLiteTests iOS.xctest";
			remoteRef = 68CFDE3421C110E90038AC1F /* PBXContainerItemProxy */;
			sourceTree = BUILT_PRODUCTS_DIR;
		};
		68CFDE3721C110E90038AC1F /* SQLite.framework */ = {
			isa = PBXReferenceProxy;
			fileType = wrapper.framework;
			path = SQLite.framework;
			remoteRef = 68CFDE3621C110E90038AC1F /* PBXContainerItemProxy */;
			sourceTree = BUILT_PRODUCTS_DIR;
		};
		68CFDE3921C110E90038AC1F /* SQLiteTests Mac.xctest */ = {
			isa = PBXReferenceProxy;
			fileType = wrapper.cfbundle;
			path = "SQLiteTests Mac.xctest";
			remoteRef = 68CFDE3821C110E90038AC1F /* PBXContainerItemProxy */;
			sourceTree = BUILT_PRODUCTS_DIR;
		};
		68CFDE3B21C110E90038AC1F /* SQLite.framework */ = {
			isa = PBXReferenceProxy;
			fileType = wrapper.framework;
			path = SQLite.framework;
			remoteRef = 68CFDE3A21C110E90038AC1F /* PBXContainerItemProxy */;
			sourceTree = BUILT_PRODUCTS_DIR;
		};
		68CFDE3D21C110E90038AC1F /* SQLiteTests tvOS.xctest */ = {
			isa = PBXReferenceProxy;
			fileType = wrapper.cfbundle;
			path = "SQLiteTests tvOS.xctest";
			remoteRef = 68CFDE3C21C110E90038AC1F /* PBXContainerItemProxy */;
			sourceTree = BUILT_PRODUCTS_DIR;
		};
		68CFDE3F21C110E90038AC1F /* SQLite.framework */ = {
			isa = PBXReferenceProxy;
			fileType = wrapper.framework;
			path = SQLite.framework;
			remoteRef = 68CFDE3E21C110E90038AC1F /* PBXContainerItemProxy */;
			sourceTree = BUILT_PRODUCTS_DIR;
		};
/* End PBXReferenceProxy section */

/* Begin PBXResourcesBuildPhase section */
		78F4BC7E21BD67E7008C157D /* Resources */ = {
			isa = PBXResourcesBuildPhase;
			buildActionMask = 2147483647;
			files = (
				78F4BC8E21BD67E9008C157D /* LaunchScreen.storyboard in Resources */,
				78F4BC8B21BD67E9008C157D /* Assets.xcassets in Resources */,
				78F4BC8921BD67E7008C157D /* Main.storyboard in Resources */,
			);
			runOnlyForDeploymentPostprocessing = 0;
		};
/* End PBXResourcesBuildPhase section */

/* Begin PBXSourcesBuildPhase section */
		78F4BC7C21BD67E7008C157D /* Sources */ = {
			isa = PBXSourcesBuildPhase;
			buildActionMask = 2147483647;
			files = (
				78F4BC8621BD67E7008C157D /* ViewController.swift in Sources */,
				78F4BC8421BD67E7008C157D /* AppDelegate.swift in Sources */,
			);
			runOnlyForDeploymentPostprocessing = 0;
		};
/* End PBXSourcesBuildPhase section */

/* Begin PBXTargetDependency section */
		68CFDE4521C1115E0038AC1F /* PBXTargetDependency */ = {
			isa = PBXTargetDependency;
			name = "SQLite iOS";
			targetProxy = 68CFDE4421C1115E0038AC1F /* PBXContainerItemProxy */;
		};
/* End PBXTargetDependency section */

/* Begin PBXVariantGroup section */
		78F4BC8721BD67E7008C157D /* Main.storyboard */ = {
			isa = PBXVariantGroup;
			children = (
				78F4BC8821BD67E7008C157D /* Base */,
			);
			name = Main.storyboard;
			sourceTree = "<group>";
		};
		78F4BC8C21BD67E9008C157D /* LaunchScreen.storyboard */ = {
			isa = PBXVariantGroup;
			children = (
				78F4BC8D21BD67E9008C157D /* Base */,
			);
			name = LaunchScreen.storyboard;
			sourceTree = "<group>";
		};
/* End PBXVariantGroup section */

/* Begin XCBuildConfiguration section */
		78F4BC9021BD67E9008C157D /* Debug */ = {
			isa = XCBuildConfiguration;
			buildSettings = {
				ALWAYS_SEARCH_USER_PATHS = NO;
				CLANG_ANALYZER_NONNULL = YES;
				CLANG_ANALYZER_NUMBER_OBJECT_CONVERSION = YES_AGGRESSIVE;
				CLANG_CXX_LANGUAGE_STANDARD = "gnu++14";
				CLANG_CXX_LIBRARY = "libc++";
				CLANG_ENABLE_MODULES = YES;
				CLANG_ENABLE_OBJC_ARC = YES;
				CLANG_ENABLE_OBJC_WEAK = YES;
				CLANG_WARN_BLOCK_CAPTURE_AUTORELEASING = YES;
				CLANG_WARN_BOOL_CONVERSION = YES;
				CLANG_WARN_COMMA = YES;
				CLANG_WARN_CONSTANT_CONVERSION = YES;
				CLANG_WARN_DEPRECATED_OBJC_IMPLEMENTATIONS = YES;
				CLANG_WARN_DIRECT_OBJC_ISA_USAGE = YES_ERROR;
				CLANG_WARN_DOCUMENTATION_COMMENTS = YES;
				CLANG_WARN_EMPTY_BODY = YES;
				CLANG_WARN_ENUM_CONVERSION = YES;
				CLANG_WARN_INFINITE_RECURSION = YES;
				CLANG_WARN_INT_CONVERSION = YES;
				CLANG_WARN_NON_LITERAL_NULL_CONVERSION = YES;
				CLANG_WARN_OBJC_IMPLICIT_RETAIN_SELF = YES;
				CLANG_WARN_OBJC_LITERAL_CONVERSION = YES;
				CLANG_WARN_OBJC_ROOT_CLASS = YES_ERROR;
				CLANG_WARN_RANGE_LOOP_ANALYSIS = YES;
				CLANG_WARN_STRICT_PROTOTYPES = YES;
				CLANG_WARN_SUSPICIOUS_MOVE = YES;
				CLANG_WARN_UNGUARDED_AVAILABILITY = YES_AGGRESSIVE;
				CLANG_WARN_UNREACHABLE_CODE = YES;
				CLANG_WARN__DUPLICATE_METHOD_MATCH = YES;
				CODE_SIGN_IDENTITY = "iPhone Developer";
				COPY_PHASE_STRIP = NO;
				DEBUG_INFORMATION_FORMAT = dwarf;
				ENABLE_STRICT_OBJC_MSGSEND = YES;
				ENABLE_TESTABILITY = YES;
				GCC_C_LANGUAGE_STANDARD = gnu11;
				GCC_DYNAMIC_NO_PIC = NO;
				GCC_NO_COMMON_BLOCKS = YES;
				GCC_OPTIMIZATION_LEVEL = 0;
				GCC_PREPROCESSOR_DEFINITIONS = (
					"DEBUG=1",
					"$(inherited)",
				);
				GCC_WARN_64_TO_32_BIT_CONVERSION = YES;
				GCC_WARN_ABOUT_RETURN_TYPE = YES_ERROR;
				GCC_WARN_UNDECLARED_SELECTOR = YES;
				GCC_WARN_UNINITIALIZED_AUTOS = YES_AGGRESSIVE;
				GCC_WARN_UNUSED_FUNCTION = YES;
				GCC_WARN_UNUSED_VARIABLE = YES;
				IPHONEOS_DEPLOYMENT_TARGET = 12.1;
				MTL_ENABLE_DEBUG_INFO = INCLUDE_SOURCE;
				MTL_FAST_MATH = YES;
				ONLY_ACTIVE_ARCH = YES;
				SDKROOT = iphoneos;
				SWIFT_ACTIVE_COMPILATION_CONDITIONS = DEBUG;
				SWIFT_OPTIMIZATION_LEVEL = "-Onone";
			};
			name = Debug;
		};
		78F4BC9121BD67E9008C157D /* Release */ = {
			isa = XCBuildConfiguration;
			buildSettings = {
				ALWAYS_SEARCH_USER_PATHS = NO;
				CLANG_ANALYZER_NONNULL = YES;
				CLANG_ANALYZER_NUMBER_OBJECT_CONVERSION = YES_AGGRESSIVE;
				CLANG_CXX_LANGUAGE_STANDARD = "gnu++14";
				CLANG_CXX_LIBRARY = "libc++";
				CLANG_ENABLE_MODULES = YES;
				CLANG_ENABLE_OBJC_ARC = YES;
				CLANG_ENABLE_OBJC_WEAK = YES;
				CLANG_WARN_BLOCK_CAPTURE_AUTORELEASING = YES;
				CLANG_WARN_BOOL_CONVERSION = YES;
				CLANG_WARN_COMMA = YES;
				CLANG_WARN_CONSTANT_CONVERSION = YES;
				CLANG_WARN_DEPRECATED_OBJC_IMPLEMENTATIONS = YES;
				CLANG_WARN_DIRECT_OBJC_ISA_USAGE = YES_ERROR;
				CLANG_WARN_DOCUMENTATION_COMMENTS = YES;
				CLANG_WARN_EMPTY_BODY = YES;
				CLANG_WARN_ENUM_CONVERSION = YES;
				CLANG_WARN_INFINITE_RECURSION = YES;
				CLANG_WARN_INT_CONVERSION = YES;
				CLANG_WARN_NON_LITERAL_NULL_CONVERSION = YES;
				CLANG_WARN_OBJC_IMPLICIT_RETAIN_SELF = YES;
				CLANG_WARN_OBJC_LITERAL_CONVERSION = YES;
				CLANG_WARN_OBJC_ROOT_CLASS = YES_ERROR;
				CLANG_WARN_RANGE_LOOP_ANALYSIS = YES;
				CLANG_WARN_STRICT_PROTOTYPES = YES;
				CLANG_WARN_SUSPICIOUS_MOVE = YES;
				CLANG_WARN_UNGUARDED_AVAILABILITY = YES_AGGRESSIVE;
				CLANG_WARN_UNREACHABLE_CODE = YES;
				CLANG_WARN__DUPLICATE_METHOD_MATCH = YES;
				CODE_SIGN_IDENTITY = "iPhone Developer";
				COPY_PHASE_STRIP = NO;
				DEBUG_INFORMATION_FORMAT = "dwarf-with-dsym";
				ENABLE_NS_ASSERTIONS = NO;
				ENABLE_STRICT_OBJC_MSGSEND = YES;
				GCC_C_LANGUAGE_STANDARD = gnu11;
				GCC_NO_COMMON_BLOCKS = YES;
				GCC_WARN_64_TO_32_BIT_CONVERSION = YES;
				GCC_WARN_ABOUT_RETURN_TYPE = YES_ERROR;
				GCC_WARN_UNDECLARED_SELECTOR = YES;
				GCC_WARN_UNINITIALIZED_AUTOS = YES_AGGRESSIVE;
				GCC_WARN_UNUSED_FUNCTION = YES;
				GCC_WARN_UNUSED_VARIABLE = YES;
				IPHONEOS_DEPLOYMENT_TARGET = 12.1;
				MTL_ENABLE_DEBUG_INFO = NO;
				MTL_FAST_MATH = YES;
				SDKROOT = iphoneos;
				SWIFT_COMPILATION_MODE = wholemodule;
				SWIFT_OPTIMIZATION_LEVEL = "-O";
				VALIDATE_PRODUCT = YES;
			};
			name = Release;
		};
		78F4BC9321BD67E9008C157D /* Debug */ = {
			isa = XCBuildConfiguration;
			buildSettings = {
				ALWAYS_EMBED_SWIFT_STANDARD_LIBRARIES = YES;
				ASSETCATALOG_COMPILER_APPICON_NAME = AppIcon;
				CODE_SIGN_STYLE = Automatic;
				DEVELOPMENT_TEAM = UXZH8RR2C4;
				INFOPLIST_FILE = IF26_Card_iOS/Info.plist;
				LD_RUNPATH_SEARCH_PATHS = (
					"$(inherited)",
					"@executable_path/Frameworks",
				);
				PRODUCT_BUNDLE_IDENTIFIER = "fr.utt.if26.IF26-Card-iOS";
				PRODUCT_NAME = "$(TARGET_NAME)";
				SWIFT_VERSION = 4.2;
				TARGETED_DEVICE_FAMILY = "1,2";
			};
			name = Debug;
		};
		78F4BC9421BD67E9008C157D /* Release */ = {
			isa = XCBuildConfiguration;
			buildSettings = {
				ALWAYS_EMBED_SWIFT_STANDARD_LIBRARIES = YES;
				ASSETCATALOG_COMPILER_APPICON_NAME = AppIcon;
				CODE_SIGN_STYLE = Automatic;
				DEVELOPMENT_TEAM = UXZH8RR2C4;
				INFOPLIST_FILE = IF26_Card_iOS/Info.plist;
				LD_RUNPATH_SEARCH_PATHS = (
					"$(inherited)",
					"@executable_path/Frameworks",
				);
				PRODUCT_BUNDLE_IDENTIFIER = "fr.utt.if26.IF26-Card-iOS";
				PRODUCT_NAME = "$(TARGET_NAME)";
				SWIFT_VERSION = 4.2;
				TARGETED_DEVICE_FAMILY = "1,2";
			};
			name = Release;
		};
/* End XCBuildConfiguration section */

/* Begin XCConfigurationList section */
		78F4BC7B21BD67E7008C157D /* Build configuration list for PBXProject "IF26_Card_iOS" */ = {
			isa = XCConfigurationList;
			buildConfigurations = (
				78F4BC9021BD67E9008C157D /* Debug */,
				78F4BC9121BD67E9008C157D /* Release */,
			);
			defaultConfigurationIsVisible = 0;
			defaultConfigurationName = Release;
		};
		78F4BC9221BD67E9008C157D /* Build configuration list for PBXNativeTarget "IF26_Card_iOS" */ = {
			isa = XCConfigurationList;
			buildConfigurations = (
				78F4BC9321BD67E9008C157D /* Debug */,
				78F4BC9421BD67E9008C157D /* Release */,
			);
			defaultConfigurationIsVisible = 0;
			defaultConfigurationName = Release;
		};
/* End XCConfigurationList section */
	};
	rootObject = 78F4BC7821BD67E7008C157D /* Project object */;
}
